{
  "requires": true,
  "lockfileVersion": 1,
  "dependencies": {
    "@types/aws4": {
      "version": "1.5.1",
      "resolved": "https://registry.npmjs.org/@types/aws4/-/aws4-1.5.1.tgz",
      "integrity": "sha1-Nh+tqxmKAwqzmCaRg64/qG6Vjtk=",
      "dev": true
    },
    "@types/body-parser": {
      "version": "1.19.0",
      "resolved": "https://registry.npmjs.org/@types/body-parser/-/body-parser-1.19.0.tgz",
      "integrity": "sha512-W98JrE0j2K78swW4ukqMleo8R7h/pFETjM2DQ90MF6XK2i4LO4W3gQ71Lt4w3bfm2EvVSyWHplECvB5sK22yFQ==",
      "dev": true,
      "requires": {
        "@types/connect": "*",
        "@types/node": "*"
      }
    },
    "@types/bytes": {
      "version": "3.1.0",
      "resolved": "https://registry.npmjs.org/@types/bytes/-/bytes-3.1.0.tgz",
      "integrity": "sha512-5YG1AiIC8HPPXRvYAIa7ehK3YMAwd0DWiPCtpuL9sgKceWLyWsVtLRA+lT4NkoanDNF9slwQ66lPizWDpgRlWA==",
      "dev": true
    },
    "@types/caseless": {
      "version": "0.12.2",
      "resolved": "https://registry.npmjs.org/@types/caseless/-/caseless-0.12.2.tgz",
      "integrity": "sha512-6ckxMjBBD8URvjB6J3NcnuAn5Pkl7t3TizAg+xdlzzQGSPSmBcXf8KoIH0ua/i+tio+ZRUHEXp0HEmvaR4kt0w==",
      "dev": true
    },
    "@types/chai": {
      "version": "4.2.14",
      "resolved": "https://registry.npmjs.org/@types/chai/-/chai-4.2.14.tgz",
      "integrity": "sha512-G+ITQPXkwTrslfG5L/BksmbLUA0M1iybEsmCWPqzSxsRRhJZimBKJkoMi8fr/CPygPTj4zO5pJH7I2/cm9M7SQ==",
      "dev": true
    },
    "@types/connect": {
      "version": "3.4.33",
      "resolved": "https://registry.npmjs.org/@types/connect/-/connect-3.4.33.tgz",
      "integrity": "sha512-2+FrkXY4zllzTNfJth7jOqEHC+enpLeGslEhpnTAkg21GkRrWV4SsAtqchtT4YS9/nODBU2/ZfsBY2X4J/dX7A==",
      "dev": true,
      "requires": {
        "@types/node": "*"
      }
    },
    "@types/content-type": {
      "version": "1.1.3",
      "resolved": "https://registry.npmjs.org/@types/content-type/-/content-type-1.1.3.tgz",
      "integrity": "sha512-pv8VcFrZ3fN93L4rTNIbbUzdkzjEyVMp5mPVjsFfOYTDOZMZiZ8P1dhu+kEv3faYyKzZgLlSvnyQNFg+p/v5ug==",
      "dev": true
    },
    "@types/cookiejar": {
      "version": "2.1.2",
      "resolved": "https://registry.npmjs.org/@types/cookiejar/-/cookiejar-2.1.2.tgz",
      "integrity": "sha512-t73xJJrvdTjXrn4jLS9VSGRbz0nUY3cl2DMGDU48lKl+HR9dbbjW2A9r3g40VA++mQpy6uuHg33gy7du2BKpog==",
      "dev": true
    },
    "@types/debug": {
      "version": "4.1.5",
      "resolved": "https://registry.npmjs.org/@types/debug/-/debug-4.1.5.tgz",
      "integrity": "sha512-Q1y515GcOdTHgagaVFhHnIFQ38ygs/kmxdNpvpou+raI9UO3YZcHDngBSYKQklcKlvA7iuQlmIKbzvmxcOE9CQ==",
      "dev": true
    },
    "@types/depd": {
      "version": "1.1.32",
      "resolved": "https://registry.npmjs.org/@types/depd/-/depd-1.1.32.tgz",
      "integrity": "sha512-kB2cpXs3A0TGWl4a4h74yIwvclYZUTW6Irpee/3Dc1s4Cr5rGPHtpGPpBBpEV1MaKH5z/oul+57oDkEkeRXRnw==",
      "dev": true,
      "requires": {
        "@types/node": "*"
      }
    },
    "@types/express": {
      "version": "4.17.8",
      "resolved": "https://registry.npmjs.org/@types/express/-/express-4.17.8.tgz",
      "integrity": "sha512-wLhcKh3PMlyA2cNAB9sjM1BntnhPMiM0JOBwPBqttjHev2428MLEB4AYVN+d8s2iyCVZac+o41Pflm/ZH5vLXQ==",
      "dev": true,
      "requires": {
        "@types/body-parser": "*",
        "@types/express-serve-static-core": "*",
        "@types/qs": "*",
        "@types/serve-static": "*"
      }
    },
    "@types/express-handlebars": {
      "version": "3.1.0",
      "resolved": "https://registry.npmjs.org/@types/express-handlebars/-/express-handlebars-3.1.0.tgz",
      "integrity": "sha512-Bn6j/tfhAnZEAbMtcNUFk6ESu1I6PE2pYLbUn1PR1MyNonUuQErlQ71n9DPppHK7uAuMCfgcF0oT28Lh0ej4SQ==",
      "dev": true
    },
    "@types/express-serve-static-core": {
      "version": "4.17.13",
      "resolved": "https://registry.npmjs.org/@types/express-serve-static-core/-/express-serve-static-core-4.17.13.tgz",
      "integrity": "sha512-RgDi5a4nuzam073lRGKTUIaL3eF2+H7LJvJ8eUnCI0wA6SNjXc44DCmWNiTLs/AZ7QlsFWZiw/gTG3nSQGL0fA==",
      "dev": true,
      "requires": {
        "@types/node": "*",
        "@types/qs": "*",
        "@types/range-parser": "*"
      }
    },
    "@types/extend": {
      "version": "3.0.1",
      "resolved": "https://registry.npmjs.org/@types/extend/-/extend-3.0.1.tgz",
      "integrity": "sha512-R1g/VyKFFI2HLC1QGAeTtCBWCo6n75l41OnsVYNbmKG+kempOESaodf6BeJyUM3Q0rKa/NQcTHbB2+66lNnxLw==",
      "dev": true
    },
    "@types/forever-agent": {
      "version": "0.6.0",
      "resolved": "https://registry.npmjs.org/@types/forever-agent/-/forever-agent-0.6.0.tgz",
      "integrity": "sha512-rrRCVoYjG+9X75TJ4lMvCFoWJwF0IL7ad4qbGGz9ebRBz1aBcK9k0E0jM23afJakFcpxDZAhAuly9mRGirriBw==",
      "dev": true,
      "requires": {
        "@types/node": "*"
      }
    },
    "@types/glob": {
      "version": "7.1.3",
      "resolved": "https://registry.npmjs.org/@types/glob/-/glob-7.1.3.tgz",
      "integrity": "sha512-SEYeGAIQIQX8NN6LDKprLjbrd5dARM5EXsd8GI/A5l0apYI1fGMWgPHSe4ZKL4eozlAyI+doUE9XbYS4xCkQ1w==",
      "dev": true,
      "requires": {
        "@types/minimatch": "*",
        "@types/node": "*"
      }
    },
    "@types/graceful-fs": {
      "version": "4.1.4",
      "resolved": "https://registry.npmjs.org/@types/graceful-fs/-/graceful-fs-4.1.4.tgz",
      "integrity": "sha512-mWA/4zFQhfvOA8zWkXobwJvBD7vzcxgrOQ0J5CH1votGqdq9m7+FwtGaqyCZqC3NyyBkc9z4m+iry4LlqcMWJg==",
      "dev": true,
      "requires": {
        "@types/node": "*"
      }
    },
    "@types/http-errors": {
      "version": "1.8.0",
      "resolved": "https://registry.npmjs.org/@types/http-errors/-/http-errors-1.8.0.tgz",
      "integrity": "sha512-2aoSC4UUbHDj2uCsCxcG/vRMXey/m17bC7UwitVm5hn22nI8O8Y9iDpA76Orc+DWkQ4zZrOKEshCqR/jSuXAHA==",
      "dev": true
    },
    "@types/is-typedarray": {
      "version": "1.0.0",
      "resolved": "https://registry.npmjs.org/@types/is-typedarray/-/is-typedarray-1.0.0.tgz",
      "integrity": "sha512-a+M3RfcM5KzKM/ckjglHGcCy6+OrmJV3dbKFi5H8MW9ZOyV3Tj/kXeE5vRiEIOCRKnRuE9xflFREEsugD9wrfg==",
      "dev": true,
      "requires": {
        "@types/node": "*"
      }
    },
    "@types/isstream": {
      "version": "0.1.0",
      "resolved": "https://registry.npmjs.org/@types/isstream/-/isstream-0.1.0.tgz",
      "integrity": "sha512-jo6R5XtVMgu1ej3H4o9NXiUE/4ZxyxmDrGslGiBa4/ugJr+Olw2viio/F2Vlc+zrwC9HJzuApOCCVC2g5jqV0w==",
      "dev": true
    },
    "@types/json-stringify-safe": {
      "version": "5.0.0",
      "resolved": "https://registry.npmjs.org/@types/json-stringify-safe/-/json-stringify-safe-5.0.0.tgz",
      "integrity": "sha512-UUA1sH0RSRROdInuDOA1yoRzbi5xVFD1RHCoOvNRPTNwR8zBkJ/84PZ6NhKVDtKp0FTeIccJCdQz1X2aJPr4uw==",
      "dev": true
    },
    "@types/merge-descriptors": {
      "version": "1.0.1",
      "resolved": "https://registry.npmjs.org/@types/merge-descriptors/-/merge-descriptors-1.0.1.tgz",
      "integrity": "sha512-dvY3+KXKTXn7sD9bFQsaPcw3FN9ljk82YDUDl7O2FsBVBhiN7Ya216aYUqUvlRdbL/lvW90SYAUJZ1fFnmtMUQ==",
      "dev": true
    },
    "@types/mime": {
      "version": "2.0.3",
      "resolved": "https://registry.npmjs.org/@types/mime/-/mime-2.0.3.tgz",
      "integrity": "sha512-Jus9s4CDbqwocc5pOAnh8ShfrnMcPHuJYzVcSUU7lrh8Ni5HuIqX3oilL86p3dlTrk0LzHRCgA/GQ7uNCw6l2Q==",
      "dev": true
    },
    "@types/mime-types": {
      "version": "2.1.0",
      "resolved": "https://registry.npmjs.org/@types/mime-types/-/mime-types-2.1.0.tgz",
      "integrity": "sha1-nKUs2jY/aZxpRmwqbM2q2RPqenM=",
      "dev": true
    },
    "@types/minimatch": {
      "version": "3.0.3",
      "resolved": "https://registry.npmjs.org/@types/minimatch/-/minimatch-3.0.3.tgz",
      "integrity": "sha512-tHq6qdbT9U1IRSGf14CL0pUlULksvY9OZ+5eEgl1N7t+OA3tGvNpxJCzuKQlsNgCVwbAs670L1vcVQi8j9HjnA==",
      "dev": true
    },
    "@types/mocha": {
      "version": "8.0.3",
      "resolved": "https://registry.npmjs.org/@types/mocha/-/mocha-8.0.3.tgz",
      "integrity": "sha512-vyxR57nv8NfcU0GZu8EUXZLTbCMupIUwy95LJ6lllN+JRPG25CwMHoB1q5xKh8YKhQnHYRAn4yW2yuHbf/5xgg==",
      "dev": true
    },
    "@types/node": {
      "version": "14.14.2",
      "resolved": "https://registry.npmjs.org/@types/node/-/node-14.14.2.tgz",
      "integrity": "sha512-jeYJU2kl7hL9U5xuI/BhKPZ4vqGM/OmK6whiFAXVhlstzZhVamWhDSmHyGLIp+RVyuF9/d0dqr2P85aFj4BvJg==",
      "dev": true
    },
    "@types/qs": {
      "version": "6.9.5",
      "resolved": "https://registry.npmjs.org/@types/qs/-/qs-6.9.5.tgz",
      "integrity": "sha512-/JHkVHtx/REVG0VVToGRGH2+23hsYLHdyG+GrvoUGlGAd0ErauXDyvHtRI/7H7mzLm+tBCKA7pfcpkQ1lf58iQ==",
      "dev": true
    },
    "@types/range-parser": {
      "version": "1.2.3",
      "resolved": "https://registry.npmjs.org/@types/range-parser/-/range-parser-1.2.3.tgz",
      "integrity": "sha512-ewFXqrQHlFsgc09MK5jP5iR7vumV/BYayNC6PgJO2LPe8vrnNFyjQjSppfEngITi0qvfKtzFvgKymGheFM9UOA==",
      "dev": true
    },
    "@types/request": {
      "version": "2.48.5",
      "resolved": "https://registry.npmjs.org/@types/request/-/request-2.48.5.tgz",
      "integrity": "sha512-/LO7xRVnL3DxJ1WkPGDQrp4VTV1reX9RkC85mJ+Qzykj2Bdw+mG15aAfDahc76HtknjzE16SX/Yddn6MxVbmGQ==",
      "dev": true,
      "requires": {
        "@types/caseless": "*",
        "@types/node": "*",
        "@types/tough-cookie": "*",
        "form-data": "^2.5.0"
      }
    },
    "@types/serve-static": {
      "version": "1.13.6",
      "resolved": "https://registry.npmjs.org/@types/serve-static/-/serve-static-1.13.6.tgz",
      "integrity": "sha512-nuRJmv7jW7VmCVTn+IgYDkkbbDGyIINOeu/G0d74X3lm6E5KfMeQPJhxIt1ayQeQB3cSxvYs1RA/wipYoFB4EA==",
      "dev": true,
      "requires": {
        "@types/mime": "*",
        "@types/node": "*"
      }
    },
    "@types/sprintf": {
      "version": "0.1.0",
      "resolved": "https://registry.npmjs.org/@types/sprintf/-/sprintf-0.1.0.tgz",
      "integrity": "sha512-2nCrar+IHBF8avAipoO3MmZm+pe3haEM/jD+4TeDaGmrBT7CdJb/k0jQ5HomtXgsScuV3ud/GoFuv7kUDe4Vfw==",
      "dev": true
    },
    "@types/superagent": {
      "version": "4.1.10",
      "resolved": "https://registry.npmjs.org/@types/superagent/-/superagent-4.1.10.tgz",
      "integrity": "sha512-xAgkb2CMWUMCyVc/3+7iQfOEBE75NvuZeezvmixbUw3nmENf2tCnQkW5yQLTYqvXUQ+R6EXxdqKKbal2zM5V/g==",
      "dev": true,
      "requires": {
        "@types/cookiejar": "*",
        "@types/node": "*"
      }
    },
    "@types/supertest": {
      "version": "2.0.10",
      "resolved": "https://registry.npmjs.org/@types/supertest/-/supertest-2.0.10.tgz",
      "integrity": "sha512-Xt8TbEyZTnD5Xulw95GLMOkmjGICrOQyJ2jqgkSjAUR3mm7pAIzSR0NFBaMcwlzVvlpCjNwbATcWWwjNiZiFrQ==",
      "dev": true,
      "requires": {
        "@types/superagent": "*"
      }
    },
    "@types/tough-cookie": {
      "version": "4.0.0",
      "resolved": "https://registry.npmjs.org/@types/tough-cookie/-/tough-cookie-4.0.0.tgz",
      "integrity": "sha512-I99sngh224D0M7XgW1s120zxCt3VYQ3IQsuw3P3jbq5GG4yc79+ZjyKznyOGIQrflfylLgcfekeZW/vk0yng6A==",
      "dev": true
    },
    "@types/type-is": {
      "version": "1.6.3",
      "resolved": "https://registry.npmjs.org/@types/type-is/-/type-is-1.6.3.tgz",
      "integrity": "sha512-PNs5wHaNcBgCQG5nAeeZ7OvosrEsI9O4W2jAOO9BCCg4ux9ZZvH2+0iSCOIDBiKuQsiNS8CBlmfX9f5YBQ22cA==",
      "dev": true,
      "requires": {
        "@types/node": "*"
      }
    },
    "asynckit": {
      "version": "0.4.0",
      "resolved": "https://registry.npmjs.org/asynckit/-/asynckit-0.4.0.tgz",
      "integrity": "sha1-x57Zf380y48robyXkLzDZkdLS3k=",
      "dev": true
    },
    "combined-stream": {
      "version": "1.0.8",
      "resolved": "https://registry.npmjs.org/combined-stream/-/combined-stream-1.0.8.tgz",
      "integrity": "sha512-FQN4MRfuJeHf7cBbBMJFXhKSDq+2kAArBlmRBvcvFE5BB1HZKXtSFASDhdlz9zOYwxh8lDdnvmMOe/+5cdoEdg==",
      "dev": true,
      "requires": {
        "delayed-stream": "~1.0.0"
      }
    },
    "delayed-stream": {
      "version": "1.0.0",
      "resolved": "https://registry.npmjs.org/delayed-stream/-/delayed-stream-1.0.0.tgz",
      "integrity": "sha1-3zrhmayt+31ECqrgsp4icrJOxhk=",
      "dev": true
    },
    "form-data": {
      "version": "2.5.1",
      "resolved": "https://registry.npmjs.org/form-data/-/form-data-2.5.1.tgz",
      "integrity": "sha512-m21N3WOmEEURgk6B9GLOE4RuWOFf28Lhh9qGYeNlGq4VDXUlJy2th2slBNU8Gp8EzloYZOibZJ7t5ecIrFSjVA==",
      "dev": true,
      "requires": {
        "asynckit": "^0.4.0",
        "combined-stream": "^1.0.6",
        "mime-types": "^2.1.12"
      }
    },
    "mime-db": {
      "version": "1.44.0",
      "resolved": "https://registry.npmjs.org/mime-db/-/mime-db-1.44.0.tgz",
      "integrity": "sha512-/NOTfLrsPBVeH7YtFPgsVWveuL+4SjjYxaQ1xtM1KMFj7HdxlBlxeyNLzhyJVx7r4rZGJAZ/6lkKCitSc/Nmpg==",
      "dev": true
    },
    "mime-types": {
      "version": "2.1.27",
      "resolved": "https://registry.npmjs.org/mime-types/-/mime-types-2.1.27.tgz",
      "integrity": "sha512-JIhqnCasI9yD+SsmkquHBxTSEuZdQX5BuQnS2Vc7puQQQ+8yiP5AY5uWhpdv4YL4VM5c6iliiYWPgJ/nJQLp7w==",
      "dev": true,
      "requires": {
        "mime-db": "1.44.0"
      }
    },
    "types-registry": {
      "version": "0.1.512",
      "resolved": "https://registry.npmjs.org/types-registry/-/types-registry-0.1.512.tgz",
      "integrity": "sha512-HSpwnMpf2oiurSBvr3Jsq4xNRBAK2FnX8sNq6CzTY1ouDIik/TeI+0JrE1WBPuUub/eAEHizSPBL5G6DFU31gA=="
    }
  }
}
